
Microsoft Visual Studio Solution File, Format Version 11.00
# Visual Studio 2010
Project("{8BC9CEB8-8B4A-11D0-8D11-00A0C91BC942}") = "Symmetric Tree", "Symmetric Tree\Symmetric Tree.vcxproj", "{4CDC5B27-D9D1-46F4-B119-34B57C04CADB}"
EndProject
Global
	GlobalSection(SolutionConfigurationPlatforms) = preSolution
		Debug|Win32 = Debug|Win32
		Release|Win32 = Release|Win32
	EndGlobalSection
	GlobalSection(ProjectConfigurationPlatforms) = postSolution
		{4CDC5B27-D9D1-46F4-B119-34B57C04CADB}.Debug|Win32.ActiveCfg = Debug|Win32
		{4CDC5B27-D9D1-46F4-B119-34B57C04CADB}.Debug|Win32.Build.0 = Debug|Win32
		{4CDC5B27-D9D1-46F4-B119-34B57C04CADB}.Release|Win32.ActiveCfg = Release|Win32
		{4CDC5B27-D9D1-46F4-B119-34B57C04CADB}.Release|Win32.Build.0 = Release|Win32
	EndGlobalSection
	GlobalSection(SolutionProperties) = preSolution
		HideSolutionNode = FALSE
	EndGlobalSection
EndGlobal
